
Microsoft Visual Studio Solution File, Format Version 12.00
# Visual Studio Version 17
VisualStudioVersion = 17.9.34616.47
MinimumVisualStudioVersion = 10.0.40219.1
Project("{FAE04EC0-301F-11D3-BF4B-00C04F79EFBC}") = "Energy", "Energy.csproj", "{B6E1BC18-8BF9-4327-A025-70E0DD575B58}"
EndProject
Global
	GlobalSection(SolutionConfigurationPlatforms) = preSolution
		Debug|Any CPU = Debug|Any CPU
		Release|Any CPU = Release|Any CPU
	EndGlobalSection
	GlobalSection(ProjectConfigurationPlatforms) = postSolution
		{B6E1BC18-8BF9-4327-A025-70E0DD575B58}.Debug|Any CPU.ActiveCfg = Debug|Any CPU
		{B6E1BC18-8BF9-4327-A025-70E0DD575B58}.Debug|Any CPU.Build.0 = Debug|Any CPU
		{B6E1BC18-8BF9-4327-A025-70E0DD575B58}.Release|Any CPU.ActiveCfg = Release|Any CPU
		{B6E1BC18-8BF9-4327-A025-70E0DD575B58}.Release|Any CPU.Build.0 = Release|Any CPU
	EndGlobalSection
	GlobalSection(SolutionProperties) = preSolution
		HideSolutionNode = FALSE
	EndGlobalSection
	GlobalSection(ExtensibilityGlobals) = postSolution
		SolutionGuid = {F213BB41-E5C1-4088-B997-DD345FABE5B0}
	EndGlobalSection
EndGlobal
